# THIS IS AN AUTOGENERATED FILE. DO NOT EDIT THIS FILE DIRECTLY.
# yarn lockfile v1


"@opencode-ai/plugin@^1.3.10":
  version "1.3.10"
  resolved "https://registry.yarnpkg.com/@opencode-ai/plugin/-/plugin-1.3.10.tgz#713a855910f22b19a2b8a1a1d3978d04ada5f9b3"
  integrity sha512-q6VgqOXFx2NGdAsgVQQaZGm9EqHOd7ivJyompgnfB7WfoBMWoutSkJ7D+YB6lHQWFXiopLSqdbzt1TpYJMo2lg==
  dependencies:
    "@opencode-ai/sdk" "1.3.10"
    zod "4.1.8"

"@opencode-ai/sdk@1.3.10":
  version "1.3.10"
  resolved "https://registry.yarnpkg.com/@opencode-ai/sdk/-/sdk-1.3.10.tgz#bbba0e43455872b929a3decdbfba59e429ad3b65"
  integrity sha512-qDeTgCon4HXDw1U6SAfrGndbP3DXVd5QEbDPzFcIueO42Vws02az2rctJG4dvkHxLAGcKfj6ZpNr4NHEjYtuYA==

"@types/node@^25.x":
  version "25.5.0"
  resolved "https://registry.yarnpkg.com/@types/node/-/node-25.5.0.tgz#5c99f37c443d9ccc4985866913f1ed364217da31"
  integrity sha512-jp2P3tQMSxWugkCUKLRPVUpGaL5MVFwF8RDuSRztfwgN1wmqJeMSbKlnEtQqU8UrhTmzEmZdu2I6v2dpp7XIxw==
  dependencies:
    undici-types "~7.18.0"

typescript@^5.8.3:
  version "5.9.3"
  resolved "https://registry.yarnpkg.com/typescript/-/typescript-5.9.3.tgz#5b4f59e15310ab17a216f5d6cf53ee476ede670f"
  integrity sha512-jl1vZzPDinLr9eUt3J/t7V6FgNEw9QjvBPdysz9KfQDD41fQrC2Y4vKQdiaUpFT4bXlb1RHhLpp8wtm6M5TgSw==

undici-types@~7.18.0:
  version "7.18.2"
  resolved "https://registry.yarnpkg.com/undici-types/-/undici-types-7.18.2.tgz#29357a89e7b7ca4aef3bf0fd3fd0cd73884229e9"
  integrity sha512-AsuCzffGHJybSaRrmr5eHr81mwJU3kjw6M+uprWvCXiNeN9SOGwQ3Jn8jb8m3Z6izVgknn1R0FTCEAP2QrLY/w==

zod@4.1.8:
  version "4.1.8"
  resolved "https://registry.yarnpkg.com/zod/-/zod-4.1.8.tgz#54f024adc634dd185006a8415da2bdd495b9d92b"
  integrity sha512-5R1P+WwQqmmMIEACyzSvo4JXHY5WiAFHRMg+zBZKgKS+Q1viRa0C1hmUKtHltoIFKtIdki3pRxkmpP74jnNYHQ==
